// !$*UTF8*$!
{
	archiveVersion = 1;
	classes = {
	};
	objectVersion = 55;
	objects = {

/* Begin PBXBuildFile section */
		2A4A2B37284347B0001D1D63 /* Invest_meApp.swift in Sources */ = {isa = PBXBuildFile; fileRef = 2A4A2B36284347B0001D1D63 /* Invest_meApp.swift */; };
		2A4A2B39284347B0001D1D63 /* ContentView.swift in Sources */ = {isa = PBXBuildFile; fileRef = 2A4A2B38284347B0001D1D63 /* ContentView.swift */; };
		2A4A2B3B284347B2001D1D63 /* Assets.xcassets in Resources */ = {isa = PBXBuildFile; fileRef = 2A4A2B3A284347B2001D1D63 /* Assets.xcassets */; };
		2A4A2B3E284347B2001D1D63 /* Preview Assets.xcassets in Resources */ = {isa = PBXBuildFile; fileRef = 2A4A2B3D284347B2001D1D63 /* Preview Assets.xcassets */; };
		2A4A2B4528434921001D1D63 /* Verification.swift in Sources */ = {isa = PBXBuildFile; fileRef = 2A4A2B4428434921001D1D63 /* Verification.swift */; };
		2A4A2B4728434A4F001D1D63 /* SomeView.swift in Sources */ = {isa = PBXBuildFile; fileRef = 2A4A2B4628434A4F001D1D63 /* SomeView.swift */; };
		2A4A2B4928434A64001D1D63 /* InvestorView.swift in Sources */ = {isa = PBXBuildFile; fileRef = 2A4A2B4828434A64001D1D63 /* InvestorView.swift */; };
		2A4A2B4F28434DA8001D1D63 /* Launch Screen.storyboard in Resources */ = {isa = PBXBuildFile; fileRef = 2A4A2B4E28434DA8001D1D63 /* Launch Screen.storyboard */; };
		2A4A2B5128434ED6001D1D63 /* MainView.swift in Sources */ = {isa = PBXBuildFile; fileRef = 2A4A2B5028434ED6001D1D63 /* MainView.swift */; };
		2A4A2B53284354EF001D1D63 /* CardView.swift in Sources */ = {isa = PBXBuildFile; fileRef = 2A4A2B52284354EF001D1D63 /* CardView.swift */; };
		2A4A2B5528435804001D1D63 /* aziza.MOV in Resources */ = {isa = PBXBuildFile; fileRef = 2A4A2B5428435804001D1D63 /* aziza.MOV */; };
		2A4A2B57284378A0001D1D63 /* Extensions.swift in Sources */ = {isa = PBXBuildFile; fileRef = 2A4A2B56284378A0001D1D63 /* Extensions.swift */; };
		879304608D2A752B3166D491 /* Pods_Invest_me.framework in Frameworks */ = {isa = PBXBuildFile; fileRef = E78485B7B8754DE921E8B859 /* Pods_Invest_me.framework */; };
/* End PBXBuildFile section */

/* Begin PBXFileReference section */
		2A4A2B33284347B0001D1D63 /* Invest me.app */ = {isa = PBXFileReference; explicitFileType = wrapper.application; includeInIndex = 0; path = "Invest me.app"; sourceTree = BUILT_PRODUCTS_DIR; };
		2A4A2B36284347B0001D1D63 /* Invest_meApp.swift */ = {isa = PBXFileReference; lastKnownFileType = sourcecode.swift; path = Invest_meApp.swift; sourceTree = "<group>"; };
		2A4A2B38284347B0001D1D63 /* ContentView.swift */ = {isa = PBXFileReference; lastKnownFileType = sourcecode.swift; path = ContentView.swift; sourceTree = "<group>"; };
		2A4A2B3A284347B2001D1D63 /* Assets.xcassets */ = {isa = PBXFileReference; lastKnownFileType = folder.assetcatalog; path = Assets.xcassets; sourceTree = "<group>"; };
		2A4A2B3D284347B2001D1D63 /* Preview Assets.xcassets */ = {isa = PBXFileReference; lastKnownFileType = folder.assetcatalog; path = "Preview Assets.xcassets"; sourceTree = "<group>"; };
		2A4A2B4428434921001D1D63 /* Verification.swift */ = {isa = PBXFileReference; lastKnownFileType = sourcecode.swift; path = Verification.swift; sourceTree = "<group>"; };
		2A4A2B4628434A4F001D1D63 /* SomeView.swift */ = {isa = PBXFileReference; lastKnownFileType = sourcecode.swift; path = SomeView.swift; sourceTree = "<group>"; };
		2A4A2B4828434A64001D1D63 /* InvestorView.swift */ = {isa = PBXFileReference; lastKnownFileType = sourcecode.swift; path = InvestorView.swift; sourceTree = "<group>"; };
		2A4A2B4E28434DA8001D1D63 /* Launch Screen.storyboard */ = {isa = PBXFileReference; lastKnownFileType = file.storyboard; path = "Launch Screen.storyboard"; sourceTree = "<group>"; };
		2A4A2B5028434ED6001D1D63 /* MainView.swift */ = {isa = PBXFileReference; lastKnownFileType = sourcecode.swift; path = MainView.swift; sourceTree = "<group>"; };
		2A4A2B52284354EF001D1D63 /* CardView.swift */ = {isa = PBXFileReference; lastKnownFileType = sourcecode.swift; path = CardView.swift; sourceTree = "<group>"; };
		2A4A2B5428435804001D1D63 /* aziza.MOV */ = {isa = PBXFileReference; lastKnownFileType = video.quicktime; path = aziza.MOV; sourceTree = "<group>"; };
		2A4A2B56284378A0001D1D63 /* Extensions.swift */ = {isa = PBXFileReference; lastKnownFileType = sourcecode.swift; path = Extensions.swift; sourceTree = "<group>"; };
		4493B1707E021A276AF7965F /* Pods-Invest me.release.xcconfig */ = {isa = PBXFileReference; includeInIndex = 1; lastKnownFileType = text.xcconfig; name = "Pods-Invest me.release.xcconfig"; path = "Target Support Files/Pods-Invest me/Pods-Invest me.release.xcconfig"; sourceTree = "<group>"; };
		A2E091690D74FEEA6E97101D /* Pods-Invest me.debug.xcconfig */ = {isa = PBXFileReference; includeInIndex = 1; lastKnownFileType = text.xcconfig; name = "Pods-Invest me.debug.xcconfig"; path = "Target Support Files/Pods-Invest me/Pods-Invest me.debug.xcconfig"; sourceTree = "<group>"; };
		E78485B7B8754DE921E8B859 /* Pods_Invest_me.framework */ = {isa = PBXFileReference; explicitFileType = wrapper.framework; includeInIndex = 0; path = Pods_Invest_me.framework; sourceTree = BUILT_PRODUCTS_DIR; };
/* End PBXFileReference section */

/* Begin PBXFrameworksBuildPhase section */
		2A4A2B30284347B0001D1D63 /* Frameworks */ = {
			isa = PBXFrameworksBuildPhase;
			buildActionMask = 2147483647;
			files = (
				879304608D2A752B3166D491 /* Pods_Invest_me.framework in Frameworks */,
			);
			runOnlyForDeploymentPostprocessing = 0;
		};
/* End PBXFrameworksBuildPhase section */

/* Begin PBXGroup section */
		2A4A2B2A284347B0001D1D63 = {
			isa = PBXGroup;
			children = (
				2A4A2B35284347B0001D1D63 /* Invest me */,
				2A4A2B34284347B0001D1D63 /* Products */,
				95DB317A7D63D5B83125F601 /* Pods */,
				97C98850C177E733BEDE93C8 /* Frameworks */,
			);
			sourceTree = "<group>";
		};
		2A4A2B34284347B0001D1D63 /* Products */ = {
			isa = PBXGroup;
			children = (
				2A4A2B33284347B0001D1D63 /* Invest me.app */,
			);
			name = Products;
			sourceTree = "<group>";
		};
		2A4A2B35284347B0001D1D63 /* Invest me */ = {
			isa = PBXGroup;
			children = (
				2A4A2B36284347B0001D1D63 /* Invest_meApp.swift */,
				2A4A2B38284347B0001D1D63 /* ContentView.swift */,
				2A4A2B4428434921001D1D63 /* Verification.swift */,
				2A4A2B5028434ED6001D1D63 /* MainView.swift */,
				2A4A2B56284378A0001D1D63 /* Extensions.swift */,
				2A4A2B52284354EF001D1D63 /* CardView.swift */,
				2A4A2B4828434A64001D1D63 /* InvestorView.swift */,
				2A4A2B4628434A4F001D1D63 /* SomeView.swift */,
				2A4A2B5428435804001D1D63 /* aziza.MOV */,
				2A4A2B4E28434DA8001D1D63 /* Launch Screen.storyboard */,
				2A4A2B3A284347B2001D1D63 /* Assets.xcassets */,
				2A4A2B3C284347B2001D1D63 /* Preview Content */,
			);
			path = "Invest me";
			sourceTree = "<group>";
		};
		2A4A2B3C284347B2001D1D63 /* Preview Content */ = {
			isa = PBXGroup;
			children = (
				2A4A2B3D284347B2001D1D63 /* Preview Assets.xcassets */,
			);
			path = "Preview Content";
			sourceTree = "<group>";
		};
		95DB317A7D63D5B83125F601 /* Pods */ = {
			isa = PBXGroup;
			children = (
				A2E091690D74FEEA6E97101D /* Pods-Invest me.debug.xcconfig */,
				4493B1707E021A276AF7965F /* Pods-Invest me.release.xcconfig */,
			);
			path = Pods;
			sourceTree = "<group>";
		};
		97C98850C177E733BEDE93C8 /* Frameworks */ = {
			isa = PBXGroup;
			children = (
				E78485B7B8754DE921E8B859 /* Pods_Invest_me.framework */,
			);
			name = Frameworks;
			sourceTree = "<group>";
		};
/* End PBXGroup section */

/* Begin PBXNativeTarget section */
		2A4A2B32284347B0001D1D63 /* Invest me */ = {
			isa = PBXNativeTarget;
			buildConfigurationList = 2A4A2B41284347B2001D1D63 /* Build configuration list for PBXNativeTarget "Invest me" */;
			buildPhases = (
				71AFA4B509A7174C6F6278D0 /* [CP] Check Pods Manifest.lock */,
				2A4A2B2F284347B0001D1D63 /* Sources */,
				2A4A2B30284347B0001D1D63 /* Frameworks */,
				2A4A2B31284347B0001D1D63 /* Resources */,
				9CFCC03288C520777BDB25AE /* [CP] Embed Pods Frameworks */,
			);
			buildRules = (
			);
			dependencies = (
			);
			name = "Invest me";
			productName = "Invest me";
			productReference = 2A4A2B33284347B0001D1D63 /* Invest me.app */;
			productType = "com.apple.product-type.application";
		};
/* End PBXNativeTarget section */

/* Begin PBXProject section */
		2A4A2B2B284347B0001D1D63 /* Project object */ = {
			isa = PBXProject;
			attributes = {
				BuildIndependentTargetsInParallel = 1;
				LastSwiftUpdateCheck = 1320;
				LastUpgradeCheck = 1320;
				TargetAttributes = {
					2A4A2B32284347B0001D1D63 = {
						CreatedOnToolsVersion = 13.2.1;
					};
				};
			};
			buildConfigurationList = 2A4A2B2E284347B0001D1D63 /* Build configuration list for PBXProject "Invest me" */;
			compatibilityVersion = "Xcode 13.0";
			developmentRegion = en;
			hasScannedForEncodings = 0;
			knownRegions = (
				en,
				Base,
			);
			mainGroup = 2A4A2B2A284347B0001D1D63;
			productRefGroup = 2A4A2B34284347B0001D1D63 /* Products */;
			projectDirPath = "";
			projectRoot = "";
			targets = (
				2A4A2B32284347B0001D1D63 /* Invest me */,
			);
		};
/* End PBXProject section */

/* Begin PBXResourcesBuildPhase section */
		2A4A2B31284347B0001D1D63 /* Resources */ = {
			isa = PBXResourcesBuildPhase;
			buildActionMask = 2147483647;
			files = (
				2A4A2B5528435804001D1D63 /* aziza.MOV in Resources */,
				2A4A2B4F28434DA8001D1D63 /* Launch Screen.storyboard in Resources */,
				2A4A2B3E284347B2001D1D63 /* Preview Assets.xcassets in Resources */,
				2A4A2B3B284347B2001D1D63 /* Assets.xcassets in Resources */,
			);
			runOnlyForDeploymentPostprocessing = 0;
		};
/* End PBXResourcesBuildPhase section */

/* Begin PBXShellScriptBuildPhase section */
		71AFA4B509A7174C6F6278D0 /* [CP] Check Pods Manifest.lock */ = {
			isa = PBXShellScriptBuildPhase;
			buildActionMask = 2147483647;
			files = (
			);
			inputFileListPaths = (
			);
			inputPaths = (
				"${PODS_PODFILE_DIR_PATH}/Podfile.lock",
				"${PODS_ROOT}/Manifest.lock",
			);
			name = "[CP] Check Pods Manifest.lock";
			outputFileListPaths = (
			);
			outputPaths = (
				"$(DERIVED_FILE_DIR)/Pods-Invest me-checkManifestLockResult.txt",
			);
			runOnlyForDeploymentPostprocessing = 0;
			shellPath = /bin/sh;
			shellScript = "diff \"${PODS_PODFILE_DIR_PATH}/Podfile.lock\" \"${PODS_ROOT}/Manifest.lock\" > /dev/null\nif [ $? != 0 ] ; then\n    # print error to STDERR\n    echo \"error: The sandbox is not in sync with the Podfile.lock. Run 'pod install' or update your CocoaPods installation.\" >&2\n    exit 1\nfi\n# This output is used by Xcode 'outputs' to avoid re-running this script phase.\necho \"SUCCESS\" > \"${SCRIPT_OUTPUT_FILE_0}\"\n";
			showEnvVarsInLog = 0;
		};
		9CFCC03288C520777BDB25AE /* [CP] Embed Pods Frameworks */ = {
			isa = PBXShellScriptBuildPhase;
			buildActionMask = 2147483647;
			files = (
			);
			inputFileListPaths = (
				"${PODS_ROOT}/Target Support Files/Pods-Invest me/Pods-Invest me-frameworks-${CONFIGURATION}-input-files.xcfilelist",
			);
			name = "[CP] Embed Pods Frameworks";
			outputFileListPaths = (
				"${PODS_ROOT}/Target Support Files/Pods-Invest me/Pods-Invest me-frameworks-${CONFIGURATION}-output-files.xcfilelist",
			);
			runOnlyForDeploymentPostprocessing = 0;
			shellPath = /bin/sh;
			shellScript = "\"${PODS_ROOT}/Target Support Files/Pods-Invest me/Pods-Invest me-frameworks.sh\"\n";
			showEnvVarsInLog = 0;
		};
/* End PBXShellScriptBuildPhase section */

/* Begin PBXSourcesBuildPhase section */
		2A4A2B2F284347B0001D1D63 /* Sources */ = {
			isa = PBXSourcesBuildPhase;
			buildActionMask = 2147483647;
			files = (
				2A4A2B53284354EF001D1D63 /* CardView.swift in Sources */,
				2A4A2B4728434A4F001D1D63 /* SomeView.swift in Sources */,
				2A4A2B5128434ED6001D1D63 /* MainView.swift in Sources */,
				2A4A2B57284378A0001D1D63 /* Extensions.swift in Sources */,
				2A4A2B4528434921001D1D63 /* Verification.swift in Sources */,
				2A4A2B39284347B0001D1D63 /* ContentView.swift in Sources */,
				2A4A2B37284347B0001D1D63 /* Invest_meApp.swift in Sources */,
				2A4A2B4928434A64001D1D63 /* InvestorView.swift in Sources */,
			);
			runOnlyForDeploymentPostprocessing = 0;
		};
/* End PBXSourcesBuildPhase section */

/* Begin XCBuildConfiguration section */
		2A4A2B3F284347B2001D1D63 /* Debug */ = {
			isa = XCBuildConfiguration;
			buildSettings = {
				ALWAYS_SEARCH_USER_PATHS = NO;
				CLANG_ANALYZER_NONNULL = YES;
				CLANG_ANALYZER_NUMBER_OBJECT_CONVERSION = YES_AGGRESSIVE;
				CLANG_CXX_LANGUAGE_STANDARD = "gnu++17";
				CLANG_CXX_LIBRARY = "libc++";
				CLANG_ENABLE_MODULES = YES;
				CLANG_ENABLE_OBJC_ARC = YES;
				CLANG_ENABLE_OBJC_WEAK = YES;
				CLANG_WARN_BLOCK_CAPTURE_AUTORELEASING = YES;
				CLANG_WARN_BOOL_CONVERSION = YES;
				CLANG_WARN_COMMA = YES;
				CLANG_WARN_CONSTANT_CONVERSION = YES;
				CLANG_WARN_DEPRECATED_OBJC_IMPLEMENTATIONS = YES;
				CLANG_WARN_DIRECT_OBJC_ISA_USAGE = YES_ERROR;
				CLANG_WARN_DOCUMENTATION_COMMENTS = YES;
				CLANG_WARN_EMPTY_BODY = YES;
				CLANG_WARN_ENUM_CONVERSION = YES;
				CLANG_WARN_INFINITE_RECURSION = YES;
				CLANG_WARN_INT_CONVERSION = YES;
				CLANG_WARN_NON_LITERAL_NULL_CONVERSION = YES;
				CLANG_WARN_OBJC_IMPLICIT_RETAIN_SELF = YES;
				CLANG_WARN_OBJC_LITERAL_CONVERSION = YES;
				CLANG_WARN_OBJC_ROOT_CLASS = YES_ERROR;
				CLANG_WARN_QUOTED_INCLUDE_IN_FRAMEWORK_HEADER = YES;
				CLANG_WARN_RANGE_LOOP_ANALYSIS = YES;
				CLANG_WARN_STRICT_PROTOTYPES = YES;
				CLANG_WARN_SUSPICIOUS_MOVE = YES;
				CLANG_WARN_UNGUARDED_AVAILABILITY = YES_AGGRESSIVE;
				CLANG_WARN_UNREACHABLE_CODE = YES;
				CLANG_WARN__DUPLICATE_METHOD_MATCH = YES;
				COPY_PHASE_STRIP = NO;
				DEBUG_INFORMATION_FORMAT = dwarf;
				ENABLE_STRICT_OBJC_MSGSEND = YES;
				ENABLE_TESTABILITY = YES;
				GCC_C_LANGUAGE_STANDARD = gnu11;
				GCC_DYNAMIC_NO_PIC = NO;
				GCC_NO_COMMON_BLOCKS = YES;
				GCC_OPTIMIZATION_LEVEL = 0;
				GCC_PREPROCESSOR_DEFINITIONS = (
					"DEBUG=1",
					"$(inherited)",
				);
				GCC_WARN_64_TO_32_BIT_CONVERSION = YES;
				GCC_WARN_ABOUT_RETURN_TYPE = YES_ERROR;
				GCC_WARN_UNDECLARED_SELECTOR = YES;
				GCC_WARN_UNINITIALIZED_AUTOS = YES_AGGRESSIVE;
				GCC_WARN_UNUSED_FUNCTION = YES;
				GCC_WARN_UNUSED_VARIABLE = YES;
				IPHONEOS_DEPLOYMENT_TARGET = 15.2;
				MTL_ENABLE_DEBUG_INFO = INCLUDE_SOURCE;
				MTL_FAST_MATH = YES;
				ONLY_ACTIVE_ARCH = YES;
				SDKROOT = iphoneos;
				SWIFT_ACTIVE_COMPILATION_CONDITIONS = DEBUG;
				SWIFT_OPTIMIZATION_LEVEL = "-Onone";
			};
			name = Debug;
		};
		2A4A2B40284347B2001D1D63 /* Release */ = {
			isa = XCBuildConfiguration;
			buildSettings = {
				ALWAYS_SEARCH_USER_PATHS = NO;
				CLANG_ANALYZER_NONNULL = YES;
				CLANG_ANALYZER_NUMBER_OBJECT_CONVERSION = YES_AGGRESSIVE;
				CLANG_CXX_LANGUAGE_STANDARD = "gnu++17";
				CLANG_CXX_LIBRARY = "libc++";
				CLANG_ENABLE_MODULES = YES;
				CLANG_ENABLE_OBJC_ARC = YES;
				CLANG_ENABLE_OBJC_WEAK = YES;
				CLANG_WARN_BLOCK_CAPTURE_AUTORELEASING = YES;
				CLANG_WARN_BOOL_CONVERSION = YES;
				CLANG_WARN_COMMA = YES;
				CLANG_WARN_CONSTANT_CONVERSION = YES;
				CLANG_WARN_DEPRECATED_OBJC_IMPLEMENTATIONS = YES;
				CLANG_WARN_DIRECT_OBJC_ISA_USAGE = YES_ERROR;
				CLANG_WARN_DOCUMENTATION_COMMENTS = YES;
				CLANG_WARN_EMPTY_BODY = YES;
				CLANG_WARN_ENUM_CONVERSION = YES;
				CLANG_WARN_INFINITE_RECURSION = YES;
				CLANG_WARN_INT_CONVERSION = YES;
				CLANG_WARN_NON_LITERAL_NULL_CONVERSION = YES;
				CLANG_WARN_OBJC_IMPLICIT_RETAIN_SELF = YES;
				CLANG_WARN_OBJC_LITERAL_CONVERSION = YES;
				CLANG_WARN_OBJC_ROOT_CLASS = YES_ERROR;
				CLANG_WARN_QUOTED_INCLUDE_IN_FRAMEWORK_HEADER = YES;
				CLANG_WARN_RANGE_LOOP_ANALYSIS = YES;
				CLANG_WARN_STRICT_PROTOTYPES = YES;
				CLANG_WARN_SUSPICIOUS_MOVE = YES;
				CLANG_WARN_UNGUARDED_AVAILABILITY = YES_AGGRESSIVE;
				CLANG_WARN_UNREACHABLE_CODE = YES;
				CLANG_WARN__DUPLICATE_METHOD_MATCH = YES;
				COPY_PHASE_STRIP = NO;
				DEBUG_INFORMATION_FORMAT = "dwarf-with-dsym";
				ENABLE_NS_ASSERTIONS = NO;
				ENABLE_STRICT_OBJC_MSGSEND = YES;
				GCC_C_LANGUAGE_STANDARD = gnu11;
				GCC_NO_COMMON_BLOCKS = YES;
				GCC_WARN_64_TO_32_BIT_CONVERSION = YES;
				GCC_WARN_ABOUT_RETURN_TYPE = YES_ERROR;
				GCC_WARN_UNDECLARED_SELECTOR = YES;
				GCC_WARN_UNINITIALIZED_AUTOS = YES_AGGRESSIVE;
				GCC_WARN_UNUSED_FUNCTION = YES;
				GCC_WARN_UNUSED_VARIABLE = YES;
				IPHONEOS_DEPLOYMENT_TARGET = 15.2;
				MTL_ENABLE_DEBUG_INFO = NO;
				MTL_FAST_MATH = YES;
				SDKROOT = iphoneos;
				SWIFT_COMPILATION_MODE = wholemodule;
				SWIFT_OPTIMIZATION_LEVEL = "-O";
				VALIDATE_PRODUCT = YES;
			};
			name = Release;
		};
		2A4A2B42284347B2001D1D63 /* Debug */ = {
			isa = XCBuildConfiguration;
			baseConfigurationReference = A2E091690D74FEEA6E97101D /* Pods-Invest me.debug.xcconfig */;
			buildSettings = {
				ASSETCATALOG_COMPILER_APPICON_NAME = AppIcon;
				ASSETCATALOG_COMPILER_GLOBAL_ACCENT_COLOR_NAME = AccentColor;
				CODE_SIGN_STYLE = Automatic;
				CURRENT_PROJECT_VERSION = 1;
				DEVELOPMENT_ASSET_PATHS = "\"Invest me/Preview Content\"";
				DEVELOPMENT_TEAM = X6EUQ23K5S;
				ENABLE_PREVIEWS = YES;
				GENERATE_INFOPLIST_FILE = YES;
				INFOPLIST_KEY_UIApplicationSceneManifest_Generation = YES;
				INFOPLIST_KEY_UIApplicationSupportsIndirectInputEvents = YES;
				INFOPLIST_KEY_UILaunchScreen_Generation = YES;
				INFOPLIST_KEY_UIMainStoryboardFile = "Launch Screen";
				INFOPLIST_KEY_UISupportedInterfaceOrientations_iPad = "UIInterfaceOrientationPortrait UIInterfaceOrientationPortraitUpsideDown UIInterfaceOrientationLandscapeLeft UIInterfaceOrientationLandscapeRight";
				INFOPLIST_KEY_UISupportedInterfaceOrientations_iPhone = "UIInterfaceOrientationPortrait UIInterfaceOrientationLandscapeLeft UIInterfaceOrientationLandscapeRight";
				LD_RUNPATH_SEARCH_PATHS = (
					"$(inherited)",
					"@executable_path/Frameworks",
				);
				MARKETING_VERSION = 1.0;
				PRODUCT_BUNDLE_IDENTIFIER = "marufkhonovIsmatillo.Invest-me";
				PRODUCT_NAME = "$(TARGET_NAME)";
				SWIFT_EMIT_LOC_STRINGS = YES;
				SWIFT_VERSION = 5.0;
				TARGETED_DEVICE_FAMILY = "1,2";
			};
			name = Debug;
		};
		2A4A2B43284347B2001D1D63 /* Release */ = {
			isa = XCBuildConfiguration;
			baseConfigurationReference = 4493B1707E021A276AF7965F /* Pods-Invest me.release.xcconfig */;
			buildSettings = {
				ASSETCATALOG_COMPILER_APPICON_NAME = AppIcon;
				ASSETCATALOG_COMPILER_GLOBAL_ACCENT_COLOR_NAME = AccentColor;
				CODE_SIGN_STYLE = Automatic;
				CURRENT_PROJECT_VERSION = 1;
				DEVELOPMENT_ASSET_PATHS = "\"Invest me/Preview Content\"";
				DEVELOPMENT_TEAM = X6EUQ23K5S;
				ENABLE_PREVIEWS = YES;
				GENERATE_INFOPLIST_FILE = YES;
				INFOPLIST_KEY_UIApplicationSceneManifest_Generation = YES;
				INFOPLIST_KEY_UIApplicationSupportsIndirectInputEvents = YES;
				INFOPLIST_KEY_UILaunchScreen_Generation = YES;
				INFOPLIST_KEY_UIMainStoryboardFile = "Launch Screen";
				INFOPLIST_KEY_UISupportedInterfaceOrientations_iPad = "UIInterfaceOrientationPortrait UIInterfaceOrientationPortraitUpsideDown UIInterfaceOrientationLandscapeLeft UIInterfaceOrientationLandscapeRight";
				INFOPLIST_KEY_UISupportedInterfaceOrientations_iPhone = "UIInterfaceOrientationPortrait UIInterfaceOrientationLandscapeLeft UIInterfaceOrientationLandscapeRight";
				LD_RUNPATH_SEARCH_PATHS = (
					"$(inherited)",
					"@executable_path/Frameworks",
				);
				MARKETING_VERSION = 1.0;
				PRODUCT_BUNDLE_IDENTIFIER = "marufkhonovIsmatillo.Invest-me";
				PRODUCT_NAME = "$(TARGET_NAME)";
				SWIFT_EMIT_LOC_STRINGS = YES;
				SWIFT_VERSION = 5.0;
				TARGETED_DEVICE_FAMILY = "1,2";
			};
			name = Release;
		};
/* End XCBuildConfiguration section */

/* Begin XCConfigurationList section */
		2A4A2B2E284347B0001D1D63 /* Build configuration list for PBXProject "Invest me" */ = {
			isa = XCConfigurationList;
			buildConfigurations = (
				2A4A2B3F284347B2001D1D63 /* Debug */,
				2A4A2B40284347B2001D1D63 /* Release */,
			);
			defaultConfigurationIsVisible = 0;
			defaultConfigurationName = Release;
		};
		2A4A2B41284347B2001D1D63 /* Build configuration list for PBXNativeTarget "Invest me" */ = {
			isa = XCConfigurationList;
			buildConfigurations = (
				2A4A2B42284347B2001D1D63 /* Debug */,
				2A4A2B43284347B2001D1D63 /* Release */,
			);
			defaultConfigurationIsVisible = 0;
			defaultConfigurationName = Release;
		};
/* End XCConfigurationList section */
	};
	rootObject = 2A4A2B2B284347B0001D1D63 /* Project object */;
}
